{
  "requires": true,
  "lockfileVersion": 1,
  "dependencies": {
    "@randlabs/communication-bridge": {
      "version": "1.0.0",
      "resolved": "https://registry.npmjs.org/@randlabs/communication-bridge/-/communication-bridge-1.0.0.tgz",
      "integrity": "sha512-CuJNwtMTG1LHR1LQNWUPv+8xPUdkRY9p61wGJEp8J/N3q8djmnMySvSQlyVqLBvXsTPKmYc0ZmfXEXCpb5P5Cw=="
    },
    "@randlabs/myalgo-connect": {
      "version": "1.0.1",
      "resolved": "https://registry.npmjs.org/@randlabs/myalgo-connect/-/myalgo-connect-1.0.1.tgz",
      "integrity": "sha512-U+cgWniBSkZq6Vig62b4rSVuma8Udc8mr7izuYxjhSiz+hsl1Xrrk6GyA2AasIVuVGffCiDN4pbg/SGG7L9P8w==",
      "requires": {
        "@randlabs/communication-bridge": "1.0.0",
        "belter": "1.0.170"
      }
    },
    "belter": {
      "version": "1.0.170",
      "resolved": "https://registry.npmjs.org/belter/-/belter-1.0.170.tgz",
      "integrity": "sha512-UGVb+nSNZglaF+fEEyxbebWTp4fwrb67XqPBTHlwAK0cerBFtdAotqBuCel6FLVBB3Jq6cysZc1lwzkWKoEBsA==",
      "requires": {
        "cross-domain-safe-weakmap": "1.0.28",
        "cross-domain-utils": "2.0.34",
        "zalgo-promise": "1.0.46"
      }
    },
    "cross-domain-safe-weakmap": {
      "version": "1.0.28",
      "resolved": "https://registry.npmjs.org/cross-domain-safe-weakmap/-/cross-domain-safe-weakmap-1.0.28.tgz",
      "integrity": "sha512-gfQiQYSdWr9cYFVpmzp+b6MyTnefefDHr+fvm+JVv20hQxetV5J6chZOAusrpM/kFpTTbVDnHCziBFaREvgc0Q==",
      "requires": {
        "cross-domain-utils": "2.0.34"
      }
    },
    "cross-domain-utils": {
      "version": "2.0.34",
      "resolved": "https://registry.npmjs.org/cross-domain-utils/-/cross-domain-utils-2.0.34.tgz",
      "integrity": "sha512-ke4PirGRXwEElEmE/7k5aCvCW+EqbgseT7AOObzFfaVnOLuEVN9SjVWoOfS/qAT0rDPn3ggmNDW6mguMBy4HgA==",
      "requires": {
        "zalgo-promise": "1.0.46"
      }
    },
    "zalgo-promise": {
      "version": "1.0.46",
      "resolved": "https://registry.npmjs.org/zalgo-promise/-/zalgo-promise-1.0.46.tgz",
      "integrity": "sha512-tzPpQRqaQQavxl17TY98nznvmr+judUg3My7ugsUcRDbdqisYOE2z79HNNDgXnyX3eA0mf2bMOJrqHptt00npg=="
    }
  }
}
